
Microsoft Visual Studio Solution File, Format Version 12.00
# Visual Studio Version 17
VisualStudioVersion = 17.3.32901.215
MinimumVisualStudioVersion = 10.0.40219.1
Project("{FAE04EC0-301F-11D3-BF4B-00C04F79EFBC}") = "ManagementBranch", "ManagementBranch\ManagementBranch.csproj", "{D0618A0E-ACDB-4414-9956-1BD728825866}"
EndProject
Global
	GlobalSection(SolutionConfigurationPlatforms) = preSolution
		Debug|Any CPU = Debug|Any CPU
		Release|Any CPU = Release|Any CPU
	EndGlobalSection
	GlobalSection(ProjectConfigurationPlatforms) = postSolution
		{D0618A0E-ACDB-4414-9956-1BD728825866}.Debug|Any CPU.ActiveCfg = Debug|Any CPU
		{D0618A0E-ACDB-4414-9956-1BD728825866}.Debug|Any CPU.Build.0 = Debug|Any CPU
		{D0618A0E-ACDB-4414-9956-1BD728825866}.Release|Any CPU.ActiveCfg = Release|Any CPU
		{D0618A0E-ACDB-4414-9956-1BD728825866}.Release|Any CPU.Build.0 = Release|Any CPU
	EndGlobalSection
	GlobalSection(SolutionProperties) = preSolution
		HideSolutionNode = FALSE
	EndGlobalSection
	GlobalSection(ExtensibilityGlobals) = postSolution
		SolutionGuid = {F0AC478F-1698-4932-8991-126E2175717E}
	EndGlobalSection
EndGlobal
